
Microsoft Visual Studio Solution File, Format Version 12.00
# Visual Studio Version 16
VisualStudioVersion = 16.0.32602.291
MinimumVisualStudioVersion = 10.0.40219.1
Project("{FAE04EC0-301F-11D3-BF4B-00C04F79EFBC}") = "PaintBallArenaGame", "PaintBallArenaGame\PaintBallArenaGame.csproj", "{722E0783-B83C-466E-96D1-F302BBC53F85}"
EndProject
Global
	GlobalSection(SolutionConfigurationPlatforms) = preSolution
		Debug|Any CPU = Debug|Any CPU
		Release|Any CPU = Release|Any CPU
	EndGlobalSection
	GlobalSection(ProjectConfigurationPlatforms) = postSolution
		{722E0783-B83C-466E-96D1-F302BBC53F85}.Debug|Any CPU.ActiveCfg = Debug|Any CPU
		{722E0783-B83C-466E-96D1-F302BBC53F85}.Debug|Any CPU.Build.0 = Debug|Any CPU
		{722E0783-B83C-466E-96D1-F302BBC53F85}.Release|Any CPU.ActiveCfg = Release|Any CPU
		{722E0783-B83C-466E-96D1-F302BBC53F85}.Release|Any CPU.Build.0 = Release|Any CPU
	EndGlobalSection
	GlobalSection(SolutionProperties) = preSolution
		HideSolutionNode = FALSE
	EndGlobalSection
	GlobalSection(ExtensibilityGlobals) = postSolution
		SolutionGuid = {31CBE740-8F8B-49FF-B25A-EE3357AD5B0D}
	EndGlobalSection
EndGlobal
